
Microsoft Visual Studio Solution File, Format Version 12.00
# Visual Studio 15
VisualStudioVersion = 15.0.26430.6
MinimumVisualStudioVersion = 10.0.40219.1
Project("{8BC9CEB8-8B4A-11D0-8D11-00A0C91BC942}") = "SSE NIF Optimizer", "SSE NIF Optimizer\SSE NIF Optimizer.vcxproj", "{2763829F-75E0-4275-A047-0035842B9EB7}"
EndProject
Global
	GlobalSection(SolutionConfigurationPlatforms) = preSolution
		Debug|Win32 = Debug|Win32
		Release|Win32 = Release|Win32
	EndGlobalSection
	GlobalSection(ProjectConfigurationPlatforms) = postSolution
		{2763829F-75E0-4275-A047-0035842B9EB7}.Debug|Win32.ActiveCfg = Debug|Win32
		{2763829F-75E0-4275-A047-0035842B9EB7}.Debug|Win32.Build.0 = Debug|Win32
		{2763829F-75E0-4275-A047-0035842B9EB7}.Release|Win32.ActiveCfg = Release|Win32
		{2763829F-75E0-4275-A047-0035842B9EB7}.Release|Win32.Build.0 = Release|Win32
	EndGlobalSection
	GlobalSection(SolutionProperties) = preSolution
		HideSolutionNode = FALSE
	EndGlobalSection
	GlobalSection(ExtensibilityGlobals) = postSolution
		SolutionGuid = {92F8DDF8-2414-4C95-ACEC-44C7249D0EF2}
	EndGlobalSection
EndGlobal
