<?xml version="1.0" encoding="utf-8"?>
<Project ToolsVersion="4.0" xmlns="http://schemas.microsoft.com/developer/msbuild/2003">
  <ItemGroup>
    <ClInclude Include="Anim.h" />
    <ClInclude Include="Optimizer.h" />
    <ClInclude Include="resource.h" />
    <ClInclude Include="lib\NIF\utils\Object3d.h">
      <Filter>Libraries\NIF\Utilities</Filter>
    </ClInclude>
    <ClInclude Include="lib\NIF\utils\half.hpp">
      <Filter>Libraries\NIF\Utilities</Filter>
    </ClInclude>
    <ClInclude Include="lib\NIF\utils\KDMatcher.h">
      <Filter>Libraries\NIF\Utilities</Filter>
    </ClInclude>
    <ClInclude Include="lib\NIF\utils\Miniball.hpp">
      <Filter>Libraries\NIF\Utilities</Filter>
    </ClInclude>
    <ClInclude Include="lib\NIF\ExtraData.h">
      <Filter>Libraries\NIF</Filter>
    </ClInclude>
    <ClInclude Include="lib\NIF\Factory.h">
      <Filter>Libraries\NIF</Filter>
    </ClInclude>
    <ClInclude Include="lib\NIF\Geometry.h">
      <Filter>Libraries\NIF</Filter>
    </ClInclude>
    <ClInclude Include="lib\NIF\Keys.h">
      <Filter>Libraries\NIF</Filter>
    </ClInclude>
    <ClInclude Include="lib\NIF\NifFile.h">
      <Filter>Libraries\NIF</Filter>
    </ClInclude>
    <ClInclude Include="lib\NIF\Nodes.h">
      <Filter>Libraries\NIF</Filter>
    </ClInclude>
    <ClInclude Include="lib\NIF\Objects.h">
      <Filter>Libraries\NIF</Filter>
    </ClInclude>
    <ClInclude Include="lib\NIF\Particles.h">
      <Filter>Libraries\NIF</Filter>
    </ClInclude>
    <ClInclude Include="lib\NIF\Shaders.h">
      <Filter>Libraries\NIF</Filter>
    </ClInclude>
    <ClInclude Include="lib\NIF\Skin.h">
      <Filter>Libraries\NIF</Filter>
    </ClInclude>
    <ClInclude Include="lib\NIF\VertexData.h">
      <Filter>Libraries\NIF</Filter>
    </ClInclude>
    <ClInclude Include="lib\NIF\Animation.h">
      <Filter>Libraries\NIF</Filter>
    </ClInclude>
    <ClInclude Include="lib\NIF\BasicTypes.h">
      <Filter>Libraries\NIF</Filter>
    </ClInclude>
    <ClInclude Include="lib\NIF\bhk.h">
      <Filter>Libraries\NIF</Filter>
    </ClInclude>
    <ClInclude Include="PlatformUtil.h" />
    <ClInclude Include="lib\DDS.h">
      <Filter>Libraries</Filter>
    </ClInclude>
  </ItemGroup>
  <ItemGroup>
    <ClCompile Include="Anim.cpp" />
    <ClCompile Include="Optimizer.cpp" />
    <ClCompile Include="lib\NIF\utils\Object3d.cpp">
      <Filter>Libraries\NIF\Utilities</Filter>
    </ClCompile>
    <ClCompile Include="lib\NIF\ExtraData.cpp">
      <Filter>Libraries\NIF</Filter>
    </ClCompile>
    <ClCompile Include="lib\NIF\Factory.cpp">
      <Filter>Libraries\NIF</Filter>
    </ClCompile>
    <ClCompile Include="lib\NIF\Geometry.cpp">
      <Filter>Libraries\NIF</Filter>
    </ClCompile>
    <ClCompile Include="lib\NIF\NifFile.cpp">
      <Filter>Libraries\NIF</Filter>
    </ClCompile>
    <ClCompile Include="lib\NIF\Nodes.cpp">
      <Filter>Libraries\NIF</Filter>
    </ClCompile>
    <ClCompile Include="lib\NIF\Objects.cpp">
      <Filter>Libraries\NIF</Filter>
    </ClCompile>
    <ClCompile Include="lib\NIF\Particles.cpp">
      <Filter>Libraries\NIF</Filter>
    </ClCompile>
    <ClCompile Include="lib\NIF\Shaders.cpp">
      <Filter>Libraries\NIF</Filter>
    </ClCompile>
    <ClCompile Include="lib\NIF\Skin.cpp">
      <Filter>Libraries\NIF</Filter>
    </ClCompile>
    <ClCompile Include="lib\NIF\Animation.cpp">
      <Filter>Libraries\NIF</Filter>
    </ClCompile>
    <ClCompile Include="lib\NIF\BasicTypes.cpp">
      <Filter>Libraries\NIF</Filter>
    </ClCompile>
    <ClCompile Include="lib\NIF\bhk.cpp">
      <Filter>Libraries\NIF</Filter>
    </ClCompile>
    <ClCompile Include="PlatformUtil.cpp" />
  </ItemGroup>
  <ItemGroup>
    <ResourceCompile Include="SSE NIF Optimizer.rc" />
  </ItemGroup>
  <ItemGroup>
    <Filter Include="Libraries">
      <UniqueIdentifier>{a56939cf-d558-42b5-9c7f-e3babc276ed7}</UniqueIdentifier>
    </Filter>
    <Filter Include="Libraries\NIF">
      <UniqueIdentifier>{9b4dcae0-e0cf-4561-9467-b7879fab0aaa}</UniqueIdentifier>
    </Filter>
    <Filter Include="Libraries\NIF\Utilities">
      <UniqueIdentifier>{1fdfc62b-536a-4b8c-a037-fcc822ed9344}</UniqueIdentifier>
    </Filter>
  </ItemGroup>
</Project>